
Microsoft Visual Studio Solution File, Format Version 12.00
# Visual Studio Version 16
VisualStudioVersion = 16.0.29215.179
MinimumVisualStudioVersion = 10.0.40219.1
Project("{9A19103F-16F7-4668-BE54-9A1E7A4F7556}") = "BigFloatingPoint.FunctionalTests", "BigFloat.UnitTests\BigFloatingPoint.FunctionalTests.csproj", "{C05B5B9F-15AD-45C0-BC9B-7845DB39EDDE}"
EndProject
Project("{9A19103F-16F7-4668-BE54-9A1E7A4F7556}") = "BigFloatingPoint", "BigFloat\BigFloatingPoint.csproj", "{4FCC20ED-5341-4234-9FB1-F8E773DAFE7A}"
EndProject
Project("{FAE04EC0-301F-11D3-BF4B-00C04F79EFBC}") = "BigFloatingPoint.Example", "BigFloat.Example\BigFloatingPoint.Example.csproj", "{0DAAA41E-FA9B-4E6D-B138-3F72C5D4BF9B}"
EndProject
Global
	GlobalSection(SolutionConfigurationPlatforms) = preSolution
		Debug|Any CPU = Debug|Any CPU
		Release|Any CPU = Release|Any CPU
	EndGlobalSection
	GlobalSection(ProjectConfigurationPlatforms) = postSolution
		{C05B5B9F-15AD-45C0-BC9B-7845DB39EDDE}.Debug|Any CPU.ActiveCfg = Debug|Any CPU
		{C05B5B9F-15AD-45C0-BC9B-7845DB39EDDE}.Debug|Any CPU.Build.0 = Debug|Any CPU
		{C05B5B9F-15AD-45C0-BC9B-7845DB39EDDE}.Release|Any CPU.ActiveCfg = Release|Any CPU
		{C05B5B9F-15AD-45C0-BC9B-7845DB39EDDE}.Release|Any CPU.Build.0 = Release|Any CPU
		{4FCC20ED-5341-4234-9FB1-F8E773DAFE7A}.Debug|Any CPU.ActiveCfg = Debug|Any CPU
		{4FCC20ED-5341-4234-9FB1-F8E773DAFE7A}.Debug|Any CPU.Build.0 = Debug|Any CPU
		{4FCC20ED-5341-4234-9FB1-F8E773DAFE7A}.Release|Any CPU.ActiveCfg = Release|Any CPU
		{4FCC20ED-5341-4234-9FB1-F8E773DAFE7A}.Release|Any CPU.Build.0 = Release|Any CPU
		{0DAAA41E-FA9B-4E6D-B138-3F72C5D4BF9B}.Debug|Any CPU.ActiveCfg = Debug|Any CPU
		{0DAAA41E-FA9B-4E6D-B138-3F72C5D4BF9B}.Debug|Any CPU.Build.0 = Debug|Any CPU
		{0DAAA41E-FA9B-4E6D-B138-3F72C5D4BF9B}.Release|Any CPU.ActiveCfg = Release|Any CPU
		{0DAAA41E-FA9B-4E6D-B138-3F72C5D4BF9B}.Release|Any CPU.Build.0 = Release|Any CPU
	EndGlobalSection
	GlobalSection(SolutionProperties) = preSolution
		HideSolutionNode = FALSE
	EndGlobalSection
	GlobalSection(ExtensibilityGlobals) = postSolution
		SolutionGuid = {C2AF74C7-3F1C-4C0A-AFD9-0029706CF5DF}
	EndGlobalSection
EndGlobal
